Microsoft Visual Studio Solution File, Format Version 10.00
# Visual Studio 2008
Project("{8BC9CEB8-8B4A-11D0-8D11-00A0C91BC942}") = "ALL_BUILD", "ALL_BUILD.vcproj", "{EE405EC1-F58A-424D-99C4-8263F52DE8A0}"
	ProjectSection(ProjectDependencies) = postProject
		{898E5AF7-5C67-4036-965F-AFFB1B7275F7} = {898E5AF7-5C67-4036-965F-AFFB1B7275F7}
		{CD4F1B63-9BC7-452E-A97D-678E271EB170} = {CD4F1B63-9BC7-452E-A97D-678E271EB170}
		{32EC7BE5-8D24-4A8F-A75A-3A4538852D1D} = {32EC7BE5-8D24-4A8F-A75A-3A4538852D1D}
		{458A9DC3-A7D5-4632-A015-F246F3445DE7} = {458A9DC3-A7D5-4632-A015-F246F3445DE7}
		{05F069E7-D84B-4B10-95CC-F6BE90A8C7A5} = {05F069E7-D84B-4B10-95CC-F6BE90A8C7A5}
	EndProjectSection
EndProject
Project("{8BC9CEB8-8B4A-11D0-8D11-00A0C91BC942}") = "ZERO_CHECK", "ZERO_CHECK.vcproj", "{898E5AF7-5C67-4036-965F-AFFB1B7275F7}"
	ProjectSection(ProjectDependencies) = postProject
	EndProjectSection
EndProject
Project("{8BC9CEB8-8B4A-11D0-8D11-00A0C91BC942}") = "clVecAdd", "clVecAdd.vcproj", "{CD4F1B63-9BC7-452E-A97D-678E271EB170}"
	ProjectSection(ProjectDependencies) = postProject
		{898E5AF7-5C67-4036-965F-AFFB1B7275F7} = {898E5AF7-5C67-4036-965F-AFFB1B7275F7}
	EndProjectSection
EndProject
Project("{8BC9CEB8-8B4A-11D0-8D11-00A0C91BC942}") = "clVecAdd_cplusplus", "clVecAdd_cplusplus.vcproj", "{32EC7BE5-8D24-4A8F-A75A-3A4538852D1D}"
	ProjectSection(ProjectDependencies) = postProject
		{898E5AF7-5C67-4036-965F-AFFB1B7275F7} = {898E5AF7-5C67-4036-965F-AFFB1B7275F7}
	EndProjectSection
EndProject
Project("{8BC9CEB8-8B4A-11D0-8D11-00A0C91BC942}") = "eclThreadVecAdd", "eclThreadVecAdd.vcproj", "{458A9DC3-A7D5-4632-A015-F246F3445DE7}"
	ProjectSection(ProjectDependencies) = postProject
		{898E5AF7-5C67-4036-965F-AFFB1B7275F7} = {898E5AF7-5C67-4036-965F-AFFB1B7275F7}
	EndProjectSection
EndProject
Project("{8BC9CEB8-8B4A-11D0-8D11-00A0C91BC942}") = "eclVecAdd", "eclVecAdd.vcproj", "{05F069E7-D84B-4B10-95CC-F6BE90A8C7A5}"
	ProjectSection(ProjectDependencies) = postProject
		{898E5AF7-5C67-4036-965F-AFFB1B7275F7} = {898E5AF7-5C67-4036-965F-AFFB1B7275F7}
	EndProjectSection
EndProject
Global
	GlobalSection(SolutionConfigurationPlatforms) = preSolution
		Debug|Win32 = Debug|Win32
		Release|Win32 = Release|Win32
		MinSizeRel|Win32 = MinSizeRel|Win32
		RelWithDebInfo|Win32 = RelWithDebInfo|Win32
	EndGlobalSection
	GlobalSection(ProjectConfigurationPlatforms) = postSolution
		{EE405EC1-F58A-424D-99C4-8263F52DE8A0}.Debug|Win32.ActiveCfg = Debug|Win32
		{EE405EC1-F58A-424D-99C4-8263F52DE8A0}.Release|Win32.ActiveCfg = Release|Win32
		{EE405EC1-F58A-424D-99C4-8263F52DE8A0}.MinSizeRel|Win32.ActiveCfg = MinSizeRel|Win32
		{EE405EC1-F58A-424D-99C4-8263F52DE8A0}.RelWithDebInfo|Win32.ActiveCfg = RelWithDebInfo|Win32
		{898E5AF7-5C67-4036-965F-AFFB1B7275F7}.Debug|Win32.ActiveCfg = Debug|Win32
		{898E5AF7-5C67-4036-965F-AFFB1B7275F7}.Debug|Win32.Build.0 = Debug|Win32
		{898E5AF7-5C67-4036-965F-AFFB1B7275F7}.Release|Win32.ActiveCfg = Release|Win32
		{898E5AF7-5C67-4036-965F-AFFB1B7275F7}.Release|Win32.Build.0 = Release|Win32
		{898E5AF7-5C67-4036-965F-AFFB1B7275F7}.MinSizeRel|Win32.ActiveCfg = MinSizeRel|Win32
		{898E5AF7-5C67-4036-965F-AFFB1B7275F7}.MinSizeRel|Win32.Build.0 = MinSizeRel|Win32
		{898E5AF7-5C67-4036-965F-AFFB1B7275F7}.RelWithDebInfo|Win32.ActiveCfg = RelWithDebInfo|Win32
		{898E5AF7-5C67-4036-965F-AFFB1B7275F7}.RelWithDebInfo|Win32.Build.0 = RelWithDebInfo|Win32
		{CD4F1B63-9BC7-452E-A97D-678E271EB170}.Debug|Win32.ActiveCfg = Debug|Win32
		{CD4F1B63-9BC7-452E-A97D-678E271EB170}.Debug|Win32.Build.0 = Debug|Win32
		{CD4F1B63-9BC7-452E-A97D-678E271EB170}.Release|Win32.ActiveCfg = Release|Win32
		{CD4F1B63-9BC7-452E-A97D-678E271EB170}.Release|Win32.Build.0 = Release|Win32
		{CD4F1B63-9BC7-452E-A97D-678E271EB170}.MinSizeRel|Win32.ActiveCfg = MinSizeRel|Win32
		{CD4F1B63-9BC7-452E-A97D-678E271EB170}.MinSizeRel|Win32.Build.0 = MinSizeRel|Win32
		{CD4F1B63-9BC7-452E-A97D-678E271EB170}.RelWithDebInfo|Win32.ActiveCfg = RelWithDebInfo|Win32
		{CD4F1B63-9BC7-452E-A97D-678E271EB170}.RelWithDebInfo|Win32.Build.0 = RelWithDebInfo|Win32
		{32EC7BE5-8D24-4A8F-A75A-3A4538852D1D}.Debug|Win32.ActiveCfg = Debug|Win32
		{32EC7BE5-8D24-4A8F-A75A-3A4538852D1D}.Debug|Win32.Build.0 = Debug|Win32
		{32EC7BE5-8D24-4A8F-A75A-3A4538852D1D}.Release|Win32.ActiveCfg = Release|Win32
		{32EC7BE5-8D24-4A8F-A75A-3A4538852D1D}.Release|Win32.Build.0 = Release|Win32
		{32EC7BE5-8D24-4A8F-A75A-3A4538852D1D}.MinSizeRel|Win32.ActiveCfg = MinSizeRel|Win32
		{32EC7BE5-8D24-4A8F-A75A-3A4538852D1D}.MinSizeRel|Win32.Build.0 = MinSizeRel|Win32
		{32EC7BE5-8D24-4A8F-A75A-3A4538852D1D}.RelWithDebInfo|Win32.ActiveCfg = RelWithDebInfo|Win32
		{32EC7BE5-8D24-4A8F-A75A-3A4538852D1D}.RelWithDebInfo|Win32.Build.0 = RelWithDebInfo|Win32
		{458A9DC3-A7D5-4632-A015-F246F3445DE7}.Debug|Win32.ActiveCfg = Debug|Win32
		{458A9DC3-A7D5-4632-A015-F246F3445DE7}.Debug|Win32.Build.0 = Debug|Win32
		{458A9DC3-A7D5-4632-A015-F246F3445DE7}.Release|Win32.ActiveCfg = Release|Win32
		{458A9DC3-A7D5-4632-A015-F246F3445DE7}.Release|Win32.Build.0 = Release|Win32
		{458A9DC3-A7D5-4632-A015-F246F3445DE7}.MinSizeRel|Win32.ActiveCfg = MinSizeRel|Win32
		{458A9DC3-A7D5-4632-A015-F246F3445DE7}.MinSizeRel|Win32.Build.0 = MinSizeRel|Win32
		{458A9DC3-A7D5-4632-A015-F246F3445DE7}.RelWithDebInfo|Win32.ActiveCfg = RelWithDebInfo|Win32
		{458A9DC3-A7D5-4632-A015-F246F3445DE7}.RelWithDebInfo|Win32.Build.0 = RelWithDebInfo|Win32
		{05F069E7-D84B-4B10-95CC-F6BE90A8C7A5}.Debug|Win32.ActiveCfg = Debug|Win32
		{05F069E7-D84B-4B10-95CC-F6BE90A8C7A5}.Debug|Win32.Build.0 = Debug|Win32
		{05F069E7-D84B-4B10-95CC-F6BE90A8C7A5}.Release|Win32.ActiveCfg = Release|Win32
		{05F069E7-D84B-4B10-95CC-F6BE90A8C7A5}.Release|Win32.Build.0 = Release|Win32
		{05F069E7-D84B-4B10-95CC-F6BE90A8C7A5}.MinSizeRel|Win32.ActiveCfg = MinSizeRel|Win32
		{05F069E7-D84B-4B10-95CC-F6BE90A8C7A5}.MinSizeRel|Win32.Build.0 = MinSizeRel|Win32
		{05F069E7-D84B-4B10-95CC-F6BE90A8C7A5}.RelWithDebInfo|Win32.ActiveCfg = RelWithDebInfo|Win32
		{05F069E7-D84B-4B10-95CC-F6BE90A8C7A5}.RelWithDebInfo|Win32.Build.0 = RelWithDebInfo|Win32
	EndGlobalSection
	GlobalSection(ExtensibilityGlobals) = postSolution
	EndGlobalSection
	GlobalSection(ExtensibilityAddIns) = postSolution
	EndGlobalSection
EndGlobal
